// !$*UTF8*$!
{
	archiveVersion = 1;
	classes = {
	};
	objectVersion = 48;
	objects = {

/* Begin PBXBuildFile section */
		332193211F478C0B002C8469 /* AppDelegate.swift in Sources */ = {isa = PBXBuildFile; fileRef = 332193201F478C0B002C8469 /* AppDelegate.swift */; };
		332193261F478C0B002C8469 /* Main.storyboard in Resources */ = {isa = PBXBuildFile; fileRef = 332193241F478C0B002C8469 /* Main.storyboard */; };
		332193291F478C0B002C8469 /* To_Do_List.xcdatamodeld in Sources */ = {isa = PBXBuildFile; fileRef = 332193271F478C0B002C8469 /* To_Do_List.xcdatamodeld */; };
		3321932B1F478C0B002C8469 /* Assets.xcassets in Resources */ = {isa = PBXBuildFile; fileRef = 3321932A1F478C0B002C8469 /* Assets.xcassets */; };
		3321932E1F478C0B002C8469 /* LaunchScreen.storyboard in Resources */ = {isa = PBXBuildFile; fileRef = 3321932C1F478C0B002C8469 /* LaunchScreen.storyboard */; };
		332193361F4790B5002C8469 /* ToDoTableViewController.swift in Sources */ = {isa = PBXBuildFile; fileRef = 332193351F4790B5002C8469 /* ToDoTableViewController.swift */; };
		332193381F4792D5002C8469 /* To Do.swift in Sources */ = {isa = PBXBuildFile; fileRef = 332193371F4792D5002C8469 /* To Do.swift */; };
		3321933A1F47A75D002C8469 /* AddToDoViewController.swift in Sources */ = {isa = PBXBuildFile; fileRef = 332193391F47A75D002C8469 /* AddToDoViewController.swift */; };
		3321933C1F47C49C002C8469 /* CompleteViewController.swift in Sources */ = {isa = PBXBuildFile; fileRef = 3321933B1F47C49C002C8469 /* CompleteViewController.swift */; };
/* End PBXBuildFile section */

/* Begin PBXFileReference section */
		3321931D1F478C0B002C8469 /* To Do List.app */ = {isa = PBXFileReference; explicitFileType = wrapper.application; includeInIndex = 0; path = "To Do List.app"; sourceTree = BUILT_PRODUCTS_DIR; };
		332193201F478C0B002C8469 /* AppDelegate.swift */ = {isa = PBXFileReference; lastKnownFileType = sourcecode.swift; path = AppDelegate.swift; sourceTree = "<group>"; };
		332193251F478C0B002C8469 /* Base */ = {isa = PBXFileReference; lastKnownFileType = file.storyboard; name = Base; path = Base.lproj/Main.storyboard; sourceTree = "<group>"; };
		332193281F478C0B002C8469 /* To_Do_List.xcdatamodel */ = {isa = PBXFileReference; lastKnownFileType = wrapper.xcdatamodel; path = To_Do_List.xcdatamodel; sourceTree = "<group>"; };
		3321932A1F478C0B002C8469 /* Assets.xcassets */ = {isa = PBXFileReference; lastKnownFileType = folder.assetcatalog; path = Assets.xcassets; sourceTree = "<group>"; };
		3321932D1F478C0B002C8469 /* Base */ = {isa = PBXFileReference; lastKnownFileType = file.storyboard; name = Base; path = Base.lproj/LaunchScreen.storyboard; sourceTree = "<group>"; };
		3321932F1F478C0B002C8469 /* Info.plist */ = {isa = PBXFileReference; lastKnownFileType = text.plist.xml; path = Info.plist; sourceTree = "<group>"; };
		332193351F4790B5002C8469 /* ToDoTableViewController.swift */ = {isa = PBXFileReference; lastKnownFileType = sourcecode.swift; path = ToDoTableViewController.swift; sourceTree = "<group>"; };
		332193371F4792D5002C8469 /* To Do.swift */ = {isa = PBXFileReference; lastKnownFileType = sourcecode.swift; path = "To Do.swift"; sourceTree = "<group>"; };
		332193391F47A75D002C8469 /* AddToDoViewController.swift */ = {isa = PBXFileReference; lastKnownFileType = sourcecode.swift; path = AddToDoViewController.swift; sourceTree = "<group>"; };
		3321933B1F47C49C002C8469 /* CompleteViewController.swift */ = {isa = PBXFileReference; lastKnownFileType = sourcecode.swift; path = CompleteViewController.swift; sourceTree = "<group>"; };
/* End PBXFileReference section */

/* Begin PBXFrameworksBuildPhase section */
		3321931A1F478C0B002C8469 /* Frameworks */ = {
			isa = PBXFrameworksBuildPhase;
			buildActionMask = 2147483647;
			files = (
			);
			runOnlyForDeploymentPostprocessing = 0;
		};
/* End PBXFrameworksBuildPhase section */

/* Begin PBXGroup section */
		332193141F478C0B002C8469 = {
			isa = PBXGroup;
			children = (
				3321931F1F478C0B002C8469 /* To Do List */,
				3321931E1F478C0B002C8469 /* Products */,
			);
			sourceTree = "<group>";
		};
		3321931E1F478C0B002C8469 /* Products */ = {
			isa = PBXGroup;
			children = (
				3321931D1F478C0B002C8469 /* To Do List.app */,
			);
			name = Products;
			sourceTree = "<group>";
		};
		3321931F1F478C0B002C8469 /* To Do List */ = {
			isa = PBXGroup;
			children = (
				332193351F4790B5002C8469 /* ToDoTableViewController.swift */,
				332193391F47A75D002C8469 /* AddToDoViewController.swift */,
				3321933B1F47C49C002C8469 /* CompleteViewController.swift */,
				332193371F4792D5002C8469 /* To Do.swift */,
				332193201F478C0B002C8469 /* AppDelegate.swift */,
				332193241F478C0B002C8469 /* Main.storyboard */,
				3321932A1F478C0B002C8469 /* Assets.xcassets */,
				3321932C1F478C0B002C8469 /* LaunchScreen.storyboard */,
				3321932F1F478C0B002C8469 /* Info.plist */,
				332193271F478C0B002C8469 /* To_Do_List.xcdatamodeld */,
			);
			path = "To Do List";
			sourceTree = "<group>";
		};
/* End PBXGroup section */

/* Begin PBXNativeTarget section */
		3321931C1F478C0B002C8469 /* To Do List */ = {
			isa = PBXNativeTarget;
			buildConfigurationList = 332193321F478C0B002C8469 /* Build configuration list for PBXNativeTarget "To Do List" */;
			buildPhases = (
				332193191F478C0B002C8469 /* Sources */,
				3321931A1F478C0B002C8469 /* Frameworks */,
				3321931B1F478C0B002C8469 /* Resources */,
			);
			buildRules = (
			);
			dependencies = (
			);
			name = "To Do List";
			productName = "To Do List";
			productReference = 3321931D1F478C0B002C8469 /* To Do List.app */;
			productType = "com.apple.product-type.application";
		};
/* End PBXNativeTarget section */

/* Begin PBXProject section */
		332193151F478C0B002C8469 /* Project object */ = {
			isa = PBXProject;
			attributes = {
				LastSwiftUpdateCheck = 0900;
				LastUpgradeCheck = 0900;
				ORGANIZATIONNAME = "gina iliff";
				TargetAttributes = {
					3321931C1F478C0B002C8469 = {
						CreatedOnToolsVersion = 9.0;
					};
				};
			};
			buildConfigurationList = 332193181F478C0B002C8469 /* Build configuration list for PBXProject "To Do List" */;
			compatibilityVersion = "Xcode 8.0";
			developmentRegion = en;
			hasScannedForEncodings = 0;
			knownRegions = (
				en,
				Base,
			);
			mainGroup = 332193141F478C0B002C8469;
			productRefGroup = 3321931E1F478C0B002C8469 /* Products */;
			projectDirPath = "";
			projectRoot = "";
			targets = (
				3321931C1F478C0B002C8469 /* To Do List */,
			);
		};
/* End PBXProject section */

/* Begin PBXResourcesBuildPhase section */
		3321931B1F478C0B002C8469 /* Resources */ = {
			isa = PBXResourcesBuildPhase;
			buildActionMask = 2147483647;
			files = (
				3321932E1F478C0B002C8469 /* LaunchScreen.storyboard in Resources */,
				3321932B1F478C0B002C8469 /* Assets.xcassets in Resources */,
				332193261F478C0B002C8469 /* Main.storyboard in Resources */,
			);
			runOnlyForDeploymentPostprocessing = 0;
		};
/* End PBXResourcesBuildPhase section */

/* Begin PBXSourcesBuildPhase section */
		332193191F478C0B002C8469 /* Sources */ = {
			isa = PBXSourcesBuildPhase;
			buildActionMask = 2147483647;
			files = (
				332193381F4792D5002C8469 /* To Do.swift in Sources */,
				332193291F478C0B002C8469 /* To_Do_List.xcdatamodeld in Sources */,
				3321933A1F47A75D002C8469 /* AddToDoViewController.swift in Sources */,
				332193361F4790B5002C8469 /* ToDoTableViewController.swift in Sources */,
				332193211F478C0B002C8469 /* AppDelegate.swift in Sources */,
				3321933C1F47C49C002C8469 /* CompleteViewController.swift in Sources */,
			);
			runOnlyForDeploymentPostprocessing = 0;
		};
/* End PBXSourcesBuildPhase section */

/* Begin PBXVariantGroup section */
		332193241F478C0B002C8469 /* Main.storyboard */ = {
			isa = PBXVariantGroup;
			children = (
				332193251F478C0B002C8469 /* Base */,
			);
			name = Main.storyboard;
			sourceTree = "<group>";
		};
		3321932C1F478C0B002C8469 /* LaunchScreen.storyboard */ = {
			isa = PBXVariantGroup;
			children = (
				3321932D1F478C0B002C8469 /* Base */,
			);
			name = LaunchScreen.storyboard;
			sourceTree = "<group>";
		};
/* End PBXVariantGroup section */

/* Begin XCBuildConfiguration section */
		332193301F478C0B002C8469 /* Debug */ = {
			isa = XCBuildConfiguration;
			buildSettings = {
				ALWAYS_SEARCH_USER_PATHS = NO;
				CLANG_ANALYZER_NONNULL = YES;
				CLANG_ANALYZER_NUMBER_OBJECT_CONVERSION = YES_AGGRESSIVE;
				CLANG_CXX_LANGUAGE_STANDARD = "gnu++14";
				CLANG_CXX_LIBRARY = "libc++";
				CLANG_ENABLE_MODULES = YES;
				CLANG_ENABLE_OBJC_ARC = YES;
				CLANG_WARN_BLOCK_CAPTURE_AUTORELEASING = YES;
				CLANG_WARN_BOOL_CONVERSION = YES;
				CLANG_WARN_COMMA = YES;
				CLANG_WARN_CONSTANT_CONVERSION = YES;
				CLANG_WARN_DIRECT_OBJC_ISA_USAGE = YES_ERROR;
				CLANG_WARN_DOCUMENTATION_COMMENTS = YES;
				CLANG_WARN_EMPTY_BODY = YES;
				CLANG_WARN_ENUM_CONVERSION = YES;
				CLANG_WARN_INFINITE_RECURSION = YES;
				CLANG_WARN_INT_CONVERSION = YES;
				CLANG_WARN_NON_LITERAL_NULL_CONVERSION = YES;
				CLANG_WARN_OBJC_LITERAL_CONVERSION = YES;
				CLANG_WARN_OBJC_ROOT_CLASS = YES_ERROR;
				CLANG_WARN_RANGE_LOOP_ANALYSIS = YES;
				CLANG_WARN_STRICT_PROTOTYPES = YES;
				CLANG_WARN_SUSPICIOUS_MOVE = YES;
				CLANG_WARN_UNGUARDED_AVAILABILITY = YES_AGGRESSIVE;
				CLANG_WARN_UNREACHABLE_CODE = YES;
				CLANG_WARN__DUPLICATE_METHOD_MATCH = YES;
				CODE_SIGN_IDENTITY = "iPhone Developer";
				COPY_PHASE_STRIP = NO;
				DEBUG_INFORMATION_FORMAT = dwarf;
				ENABLE_STRICT_OBJC_MSGSEND = YES;
				ENABLE_TESTABILITY = YES;
				GCC_C_LANGUAGE_STANDARD = gnu11;
				GCC_DYNAMIC_NO_PIC = NO;
				GCC_NO_COMMON_BLOCKS = YES;
				GCC_OPTIMIZATION_LEVEL = 0;
				GCC_PREPROCESSOR_DEFINITIONS = (
					"DEBUG=1",
					"$(inherited)",
				);
				GCC_WARN_64_TO_32_BIT_CONVERSION = YES;
				GCC_WARN_ABOUT_RETURN_TYPE = YES_ERROR;
				GCC_WARN_UNDECLARED_SELECTOR = YES;
				GCC_WARN_UNINITIALIZED_AUTOS = YES_AGGRESSIVE;
				GCC_WARN_UNUSED_FUNCTION = YES;
				GCC_WARN_UNUSED_VARIABLE = YES;
				IPHONEOS_DEPLOYMENT_TARGET = 11.0;
				MTL_ENABLE_DEBUG_INFO = YES;
				ONLY_ACTIVE_ARCH = YES;
				SDKROOT = iphoneos;
				SWIFT_ACTIVE_COMPILATION_CONDITIONS = DEBUG;
				SWIFT_OPTIMIZATION_LEVEL = "-Onone";
			};
			name = Debug;
		};
		332193311F478C0B002C8469 /* Release */ = {
			isa = XCBuildConfiguration;
			buildSettings = {
				ALWAYS_SEARCH_USER_PATHS = NO;
				CLANG_ANALYZER_NONNULL = YES;
				CLANG_ANALYZER_NUMBER_OBJECT_CONVERSION = YES_AGGRESSIVE;
				CLANG_CXX_LANGUAGE_STANDARD = "gnu++14";
				CLANG_CXX_LIBRARY = "libc++";
				CLANG_ENABLE_MODULES = YES;
				CLANG_ENABLE_OBJC_ARC = YES;
				CLANG_WARN_BLOCK_CAPTURE_AUTORELEASING = YES;
				CLANG_WARN_BOOL_CONVERSION = YES;
				CLANG_WARN_COMMA = YES;
				CLANG_WARN_CONSTANT_CONVERSION = YES;
				CLANG_WARN_DIRECT_OBJC_ISA_USAGE = YES_ERROR;
				CLANG_WARN_DOCUMENTATION_COMMENTS = YES;
				CLANG_WARN_EMPTY_BODY = YES;
				CLANG_WARN_ENUM_CONVERSION = YES;
				CLANG_WARN_INFINITE_RECURSION = YES;
				CLANG_WARN_INT_CONVERSION = YES;
				CLANG_WARN_NON_LITERAL_NULL_CONVERSION = YES;
				CLANG_WARN_OBJC_LITERAL_CONVERSION = YES;
				CLANG_WARN_OBJC_ROOT_CLASS = YES_ERROR;
				CLANG_WARN_RANGE_LOOP_ANALYSIS = YES;
				CLANG_WARN_STRICT_PROTOTYPES = YES;
				CLANG_WARN_SUSPICIOUS_MOVE = YES;
				CLANG_WARN_UNGUARDED_AVAILABILITY = YES_AGGRESSIVE;
				CLANG_WARN_UNREACHABLE_CODE = YES;
				CLANG_WARN__DUPLICATE_METHOD_MATCH = YES;
				CODE_SIGN_IDENTITY = "iPhone Developer";
				COPY_PHASE_STRIP = NO;
				DEBUG_INFORMATION_FORMAT = "dwarf-with-dsym";
				ENABLE_NS_ASSERTIONS = NO;
				ENABLE_STRICT_OBJC_MSGSEND = YES;
				GCC_C_LANGUAGE_STANDARD = gnu11;
				GCC_NO_COMMON_BLOCKS = YES;
				GCC_WARN_64_TO_32_BIT_CONVERSION = YES;
				GCC_WARN_ABOUT_RETURN_TYPE = YES_ERROR;
				GCC_WARN_UNDECLARED_SELECTOR = YES;
				GCC_WARN_UNINITIALIZED_AUTOS = YES_AGGRESSIVE;
				GCC_WARN_UNUSED_FUNCTION = YES;
				GCC_WARN_UNUSED_VARIABLE = YES;
				IPHONEOS_DEPLOYMENT_TARGET = 11.0;
				MTL_ENABLE_DEBUG_INFO = NO;
				SDKROOT = iphoneos;
				SWIFT_OPTIMIZATION_LEVEL = "-Owholemodule";
				VALIDATE_PRODUCT = YES;
			};
			name = Release;
		};
		332193331F478C0B002C8469 /* Debug */ = {
			isa = XCBuildConfiguration;
			buildSettings = {
				ASSETCATALOG_COMPILER_APPICON_NAME = AppIcon;
				INFOPLIST_FILE = "To Do List/Info.plist";
				LD_RUNPATH_SEARCH_PATHS = "$(inherited) @executable_path/Frameworks";
				PRODUCT_BUNDLE_IDENTIFIER = "gina.iliff.To-Do-List";
				PRODUCT_NAME = "$(TARGET_NAME)";
				SWIFT_VERSION = 4.0;
				TARGETED_DEVICE_FAMILY = "1,2";
			};
			name = Debug;
		};
		332193341F478C0B002C8469 /* Release */ = {
			isa = XCBuildConfiguration;
			buildSettings = {
				ASSETCATALOG_COMPILER_APPICON_NAME = AppIcon;
				INFOPLIST_FILE = "To Do List/Info.plist";
				LD_RUNPATH_SEARCH_PATHS = "$(inherited) @executable_path/Frameworks";
				PRODUCT_BUNDLE_IDENTIFIER = "gina.iliff.To-Do-List";
				PRODUCT_NAME = "$(TARGET_NAME)";
				SWIFT_VERSION = 4.0;
				TARGETED_DEVICE_FAMILY = "1,2";
			};
			name = Release;
		};
/* End XCBuildConfiguration section */

/* Begin XCConfigurationList section */
		332193181F478C0B002C8469 /* Build configuration list for PBXProject "To Do List" */ = {
			isa = XCConfigurationList;
			buildConfigurations = (
				332193301F478C0B002C8469 /* Debug */,
				332193311F478C0B002C8469 /* Release */,
			);
			defaultConfigurationIsVisible = 0;
			defaultConfigurationName = Release;
		};
		332193321F478C0B002C8469 /* Build configuration list for PBXNativeTarget "To Do List" */ = {
			isa = XCConfigurationList;
			buildConfigurations = (
				332193331F478C0B002C8469 /* Debug */,
				332193341F478C0B002C8469 /* Release */,
			);
			defaultConfigurationIsVisible = 0;
			defaultConfigurationName = Release;
		};
/* End XCConfigurationList section */

/* Begin XCVersionGroup section */
		332193271F478C0B002C8469 /* To_Do_List.xcdatamodeld */ = {
			isa = XCVersionGroup;
			children = (
				332193281F478C0B002C8469 /* To_Do_List.xcdatamodel */,
			);
			currentVersion = 332193281F478C0B002C8469 /* To_Do_List.xcdatamodel */;
			path = To_Do_List.xcdatamodeld;
			sourceTree = "<group>";
			versionGroupType = wrapper.xcdatamodel;
		};
/* End XCVersionGroup section */
	};
	rootObject = 332193151F478C0B002C8469 /* Project object */;
}
